
Microsoft Visual Studio Solution File, Format Version 12.00
# Visual Studio Version 17
VisualStudioVersion = 17.4.33205.214
MinimumVisualStudioVersion = 10.0.40219.1
Project("{9A19103F-16F7-4668-BE54-9A1E7A4F7556}") = "STI.DAT", "STI.DAT\STI.DAT.csproj", "{F71E3E4A-8BFB-41E5-A0F5-08E433D5C69C}"
EndProject
Project("{9A19103F-16F7-4668-BE54-9A1E7A4F7556}") = "STI.Common", "STI.Common\STI.Common.csproj", "{2604DBBB-B5DA-40B0-A068-CF02906AC6AE}"
EndProject
Project("{9A19103F-16F7-4668-BE54-9A1E7A4F7556}") = "STI.BAL", "STI.BAL\STI.BAL.csproj", "{94E4126B-A038-4B04-984A-5CEE7FE1A906}"
EndProject
Project("{9A19103F-16F7-4668-BE54-9A1E7A4F7556}") = "STI.Api", "STI.Api\STI.Api.csproj", "{BD1E2E61-8A71-4ECF-A12C-4F00755C26E2}"
EndProject
Project("{FAE04EC0-301F-11D3-BF4B-00C04F79EFBC}") = "STI.Web", "STI.Web\STI.Web.csproj", "{07B9BF68-D48B-4E70-AFB8-5BC67FBF646C}"
EndProject
Global
	GlobalSection(SolutionConfigurationPlatforms) = preSolution
		Debug|Any CPU = Debug|Any CPU
		Release|Any CPU = Release|Any CPU
	EndGlobalSection
	GlobalSection(ProjectConfigurationPlatforms) = postSolution
		{F71E3E4A-8BFB-41E5-A0F5-08E433D5C69C}.Debug|Any CPU.ActiveCfg = Debug|Any CPU
		{F71E3E4A-8BFB-41E5-A0F5-08E433D5C69C}.Debug|Any CPU.Build.0 = Debug|Any CPU
		{F71E3E4A-8BFB-41E5-A0F5-08E433D5C69C}.Release|Any CPU.ActiveCfg = Release|Any CPU
		{F71E3E4A-8BFB-41E5-A0F5-08E433D5C69C}.Release|Any CPU.Build.0 = Release|Any CPU
		{2604DBBB-B5DA-40B0-A068-CF02906AC6AE}.Debug|Any CPU.ActiveCfg = Debug|Any CPU
		{2604DBBB-B5DA-40B0-A068-CF02906AC6AE}.Debug|Any CPU.Build.0 = Debug|Any CPU
		{2604DBBB-B5DA-40B0-A068-CF02906AC6AE}.Release|Any CPU.ActiveCfg = Release|Any CPU
		{2604DBBB-B5DA-40B0-A068-CF02906AC6AE}.Release|Any CPU.Build.0 = Release|Any CPU
		{94E4126B-A038-4B04-984A-5CEE7FE1A906}.Debug|Any CPU.ActiveCfg = Debug|Any CPU
		{94E4126B-A038-4B04-984A-5CEE7FE1A906}.Debug|Any CPU.Build.0 = Debug|Any CPU
		{94E4126B-A038-4B04-984A-5CEE7FE1A906}.Release|Any CPU.ActiveCfg = Release|Any CPU
		{94E4126B-A038-4B04-984A-5CEE7FE1A906}.Release|Any CPU.Build.0 = Release|Any CPU
		{BD1E2E61-8A71-4ECF-A12C-4F00755C26E2}.Debug|Any CPU.ActiveCfg = Debug|Any CPU
		{BD1E2E61-8A71-4ECF-A12C-4F00755C26E2}.Debug|Any CPU.Build.0 = Debug|Any CPU
		{BD1E2E61-8A71-4ECF-A12C-4F00755C26E2}.Release|Any CPU.ActiveCfg = Release|Any CPU
		{BD1E2E61-8A71-4ECF-A12C-4F00755C26E2}.Release|Any CPU.Build.0 = Release|Any CPU
		{07B9BF68-D48B-4E70-AFB8-5BC67FBF646C}.Debug|Any CPU.ActiveCfg = Debug|Any CPU
		{07B9BF68-D48B-4E70-AFB8-5BC67FBF646C}.Debug|Any CPU.Build.0 = Debug|Any CPU
		{07B9BF68-D48B-4E70-AFB8-5BC67FBF646C}.Release|Any CPU.ActiveCfg = Release|Any CPU
		{07B9BF68-D48B-4E70-AFB8-5BC67FBF646C}.Release|Any CPU.Build.0 = Release|Any CPU
	EndGlobalSection
	GlobalSection(SolutionProperties) = preSolution
		HideSolutionNode = FALSE
	EndGlobalSection
	GlobalSection(ExtensibilityGlobals) = postSolution
		SolutionGuid = {CBE94E00-AD71-4DD5-8AB2-B9A7F09554D0}
	EndGlobalSection
EndGlobal
